
Microsoft Visual Studio Solution File, Format Version 12.00
# Visual Studio 15
VisualStudioVersion = 15.0.28307.421
MinimumVisualStudioVersion = 10.0.40219.1
Project("{FAE04EC0-301F-11D3-BF4B-00C04F79EFBC}") = "YunNetworkDisk", "YunNetworkDisk\YunNetworkDisk.csproj", "{1DCD02D5-6652-4323-B815-C9BDDE78987F}"
EndProject
Global
	GlobalSection(SolutionConfigurationPlatforms) = preSolution
		Debug|Any CPU = Debug|Any CPU
		Release|Any CPU = Release|Any CPU
	EndGlobalSection
	GlobalSection(ProjectConfigurationPlatforms) = postSolution
		{1DCD02D5-6652-4323-B815-C9BDDE78987F}.Debug|Any CPU.ActiveCfg = Debug|Any CPU
		{1DCD02D5-6652-4323-B815-C9BDDE78987F}.Debug|Any CPU.Build.0 = Debug|Any CPU
		{1DCD02D5-6652-4323-B815-C9BDDE78987F}.Release|Any CPU.ActiveCfg = Release|Any CPU
		{1DCD02D5-6652-4323-B815-C9BDDE78987F}.Release|Any CPU.Build.0 = Release|Any CPU
	EndGlobalSection
	GlobalSection(SolutionProperties) = preSolution
		HideSolutionNode = FALSE
	EndGlobalSection
	GlobalSection(ExtensibilityGlobals) = postSolution
		SolutionGuid = {30F1A05D-CA06-4F4E-AF57-9F90D91DAE56}
	EndGlobalSection
EndGlobal
